
Microsoft Visual Studio Solution File, Format Version 12.00
# Visual Studio Version 16
VisualStudioVersion = 16.0.30011.22
MinimumVisualStudioVersion = 10.0.40219.1
Project("{9A19103F-16F7-4668-BE54-9A1E7A4F7556}") = "Domain.UnitTest", "test\Domain.Test\Domain.UnitTest.csproj", "{68BC74A2-BAE8-4EDB-8662-B0C816790F18}"
EndProject
Project("{2150E333-8FDC-42A3-9474-1A3956D46DE8}") = "test", "test", "{F15D3B0D-5E23-4D2C-9012-8B6EBC5389FA}"
EndProject
Project("{2150E333-8FDC-42A3-9474-1A3956D46DE8}") = "src", "src", "{74B58CA3-FF02-44B5-8332-70F4DB1C1DE5}"
EndProject
Project("{9A19103F-16F7-4668-BE54-9A1E7A4F7556}") = "Domain", "src\Domain\Domain.csproj", "{477921FA-869D-4D0F-B2E3-EFF11F7139FF}"
EndProject
Global
	GlobalSection(SolutionConfigurationPlatforms) = preSolution
		Debug|Any CPU = Debug|Any CPU
		Release|Any CPU = Release|Any CPU
	EndGlobalSection
	GlobalSection(ProjectConfigurationPlatforms) = postSolution
		{68BC74A2-BAE8-4EDB-8662-B0C816790F18}.Debug|Any CPU.ActiveCfg = Debug|Any CPU
		{68BC74A2-BAE8-4EDB-8662-B0C816790F18}.Debug|Any CPU.Build.0 = Debug|Any CPU
		{68BC74A2-BAE8-4EDB-8662-B0C816790F18}.Release|Any CPU.ActiveCfg = Release|Any CPU
		{68BC74A2-BAE8-4EDB-8662-B0C816790F18}.Release|Any CPU.Build.0 = Release|Any CPU
		{477921FA-869D-4D0F-B2E3-EFF11F7139FF}.Debug|Any CPU.ActiveCfg = Debug|Any CPU
		{477921FA-869D-4D0F-B2E3-EFF11F7139FF}.Debug|Any CPU.Build.0 = Debug|Any CPU
		{477921FA-869D-4D0F-B2E3-EFF11F7139FF}.Release|Any CPU.ActiveCfg = Release|Any CPU
		{477921FA-869D-4D0F-B2E3-EFF11F7139FF}.Release|Any CPU.Build.0 = Release|Any CPU
	EndGlobalSection
	GlobalSection(SolutionProperties) = preSolution
		HideSolutionNode = FALSE
	EndGlobalSection
	GlobalSection(NestedProjects) = preSolution
		{68BC74A2-BAE8-4EDB-8662-B0C816790F18} = {F15D3B0D-5E23-4D2C-9012-8B6EBC5389FA}
		{477921FA-869D-4D0F-B2E3-EFF11F7139FF} = {74B58CA3-FF02-44B5-8332-70F4DB1C1DE5}
	EndGlobalSection
	GlobalSection(ExtensibilityGlobals) = postSolution
		SolutionGuid = {46577A12-F0F4-46AD-875C-6BF53A997DB7}
	EndGlobalSection
EndGlobal
